PODS:
  - Alamofire (5.0.0-beta.6)
  - FontAwesome.swift (1.7.1)
  - Hero (1.4.0)
  - PullToReach (0.1.2)
  - SDWebImage (5.0.4):
    - SDWebImage/Core (= 5.0.4)
  - SDWebImage/Core (5.0.4)
  - SwiftyJSON (4.3.0)
  - SwipeableTabBarController (2.1.1)
  - ViewAnimator (2.5.1)

DEPENDENCIES:
  - Alamofire (~> 5.0.0-beta.2)
  - FontAwesome.swift
  - Hero
  - PullToReach
  - SDWebImage (~> 5.0)
  - SwiftyJSON
  - SwipeableTabBarController
  - ViewAnimator

SPEC REPOS:
  https://github.com/cocoapods/specs.git:
    - Alamofire
    - FontAwesome.swift
    - Hero
    - PullToReach
    - SDWebImage
    - SwiftyJSON
    - SwipeableTabBarController
    - ViewAnimator

SPEC CHECKSUMS:
  Alamofire: cd08a4402bd12cacd0c66f23fb12fec8d6b965e4
  FontAwesome.swift: 8d9792fa2d2347055da35bd97752b3960bd75952
  Hero: bac92350d7201a1a940003e0767c7b52ce7c99a1
  PullToReach: 0e747e10403d2827277f8728151ad7998d4576eb
  SDWebImage: c739016e4bdf0a4a1f9a04b5e0385395ad63a282
  SwiftyJSON: 6faa0040f8b59dead0ee07436cbf76b73c08fd08
  SwipeableTabBarController: 8f7f04275f510c5babb630f7be1161b5f28567e0
  ViewAnimator: 173932c659a43c5a15c665878750d92801ae2cf1

PODFILE CHECKSUM: 098cb8896dbdee1c90c520125436ad7eb1f03ae5

COCOAPODS: 1.5.2
